
Microsoft Visual Studio Solution File, Format Version 12.00
# Visual Studio Version 17
VisualStudioVersion = 17.9.34723.18
MinimumVisualStudioVersion = 10.0.40219.1
Project("{FAE04EC0-301F-11D3-BF4B-00C04F79EFBC}") = "SchedulerWebApplication", "SchedulerWebApplication\SchedulerWebApplication.csproj", "{515C33C2-75BA-4EA9-88E7-8F2B7A249DEB}"
EndProject
Global
	GlobalSection(SolutionConfigurationPlatforms) = preSolution
		Debug|Any CPU = Debug|Any CPU
		Release|Any CPU = Release|Any CPU
	EndGlobalSection
	GlobalSection(ProjectConfigurationPlatforms) = postSolution
		{515C33C2-75BA-4EA9-88E7-8F2B7A249DEB}.Debug|Any CPU.ActiveCfg = Debug|Any CPU
		{515C33C2-75BA-4EA9-88E7-8F2B7A249DEB}.Debug|Any CPU.Build.0 = Debug|Any CPU
		{515C33C2-75BA-4EA9-88E7-8F2B7A249DEB}.Release|Any CPU.ActiveCfg = Release|Any CPU
		{515C33C2-75BA-4EA9-88E7-8F2B7A249DEB}.Release|Any CPU.Build.0 = Release|Any CPU
	EndGlobalSection
	GlobalSection(SolutionProperties) = preSolution
		HideSolutionNode = FALSE
	EndGlobalSection
	GlobalSection(ExtensibilityGlobals) = postSolution
		SolutionGuid = {68E87335-DC36-47B4-87D4-D6CE7213D457}
	EndGlobalSection
EndGlobal
